{
  "name": "vidpolaris",
  "version": "1.0.0",
  "lockfileVersion": 1,
  "requires": true,
  "dependencies": {
    "debug": {
      "version": "3.2.6",
      "resolved": "https://registry.npmjs.org/debug/-/debug-3.2.6.tgz",
      "integrity": "sha512-mel+jf7nrtEl5Pn1Qx46zARXKDpBbvzezse7p7LqINmdoIk8PYP5SySaxEmYv6TZ0JyEKA1hsCId6DIhgITtWQ==",
      "requires": {
        "ms": "^2.1.1"
      }
    },
    "html-entities": {
      "version": "1.3.1",
      "resolved": "https://registry.npmjs.org/html-entities/-/html-entities-1.3.1.tgz",
      "integrity": "sha512-rhE/4Z3hIhzHAUKbW8jVcCyuT5oJCXXqhN/6mXXVCpzTmvJnoH2HL/bt3EZ6p55jbFJBeAe1ZNpL5BugLujxNA=="
    },
    "iconv-lite": {
      "version": "0.4.24",
      "resolved": "https://registry.npmjs.org/iconv-lite/-/iconv-lite-0.4.24.tgz",
      "integrity": "sha512-v3MXnZAcvnywkTUEZomIActle7RXXeedOR31wwl7VlyoXO4Qi9arvSenNQWne1TcRwhCL1HwLI21bEqdpj8/rA==",
      "requires": {
        "safer-buffer": ">= 2.1.2 < 3"
      }
    },
    "m3u8stream": {
      "version": "0.7.1",
      "resolved": "https://registry.npmjs.org/m3u8stream/-/m3u8stream-0.7.1.tgz",
      "integrity": "sha512-z6ldnAdhbuWOL6LmMkwptSZGzj+qbRytMKLTbNicwF/bJMjf9U9lqD57RNQUFecvWadEkzy6PDjcNJFFgi19uQ==",
      "requires": {
        "miniget": "^1.6.1",
        "sax": "^1.2.4"
      },
      "dependencies": {
        "miniget": {
          "version": "1.7.2",
          "resolved": "https://registry.npmjs.org/miniget/-/miniget-1.7.2.tgz",
          "integrity": "sha512-USPNNK2bnHLOplX8BZVMehUkyQizS/DFpBdoH0TS+fM+hQoLNg9tWg4MeY9wE8gfY0pbzmx5UBEODujt3Lz8AA=="
        }
      }
    },
    "miniget": {
      "version": "2.0.1",
      "resolved": "https://registry.npmjs.org/miniget/-/miniget-2.0.1.tgz",
      "integrity": "sha512-MX+QfVIPAutz6c+T7WKuFKtjcw0nOyRRh1ubhTDD+z/e/pKcSAsfAV63aQKUgb1MFRT1GyfJeW53N5fHkX0wIA=="
    },
    "ms": {
      "version": "2.1.2",
      "resolved": "https://registry.npmjs.org/ms/-/ms-2.1.2.tgz",
      "integrity": "sha512-sGkPx+VjMtmA6MX27oA4FBFELFCZZ4S4XqeGOXCv68tT+jb3vk/RyaKWP0PTKyWtmLSM0b+adUTEvbs1PEaH2w=="
    },
    "needle": {
      "version": "2.5.0",
      "resolved": "https://registry.npmjs.org/needle/-/needle-2.5.0.tgz",
      "integrity": "sha512-o/qITSDR0JCyCKEQ1/1bnUXMmznxabbwi/Y4WwJElf+evwJNFNwIDMCCt5IigFVxgeGBJESLohGtIS9gEzo1fA==",
      "requires": {
        "debug": "^3.2.6",
        "iconv-lite": "^0.4.4",
        "sax": "^1.2.4"
      }
    },
    "node-fetch": {
      "version": "2.6.0",
      "resolved": "https://registry.npmjs.org/node-fetch/-/node-fetch-2.6.0.tgz",
      "integrity": "sha512-8dG4H5ujfvFiqDmVu9fQ5bOHUC15JMjMY/Zumv26oOvvVJjM67KF8koCWIabKQ1GJIa9r2mMZscBq/TbdOcmNA=="
    },
    "redddit": {
      "version": "1.0.2",
      "resolved": "https://registry.npmjs.org/redddit/-/redddit-1.0.2.tgz",
      "integrity": "sha512-PmFGdqowmOBQWf1dxaVew2ouDVuqMBGKpzVXniuLDs8nxt8nQsBlZC9jLLdxHAlKRX+kOrUNUf5jjEkbV9FVRA==",
      "requires": {
        "needle": "^2.5.0"
      }
    },
    "safer-buffer": {
      "version": "2.1.2",
      "resolved": "https://registry.npmjs.org/safer-buffer/-/safer-buffer-2.1.2.tgz",
      "integrity": "sha512-YZo3K82SD7Riyi0E1EQPojLz7kpepnSQI9IyPbHHg1XXXevb5dJI7tpyN2ADxGcQbHG7vcyRHk0cbwqcQriUtg=="
    },
    "sax": {
      "version": "1.2.4",
      "resolved": "https://registry.npmjs.org/sax/-/sax-1.2.4.tgz",
      "integrity": "sha512-NqVDv9TpANUjFm0N8uM5GxL36UgKi9/atZw+x7YFnQ8ckwFGKrl4xX4yWtrey3UJm5nP1kUbnYgLopqWNSRhWw=="
    },
    "youtube-suggest": {
      "version": "1.1.0",
      "resolved": "https://registry.npmjs.org/youtube-suggest/-/youtube-suggest-1.1.0.tgz",
      "integrity": "sha512-uMIgu/bQAjZ+aPVL5DXHZusTyuJh2tW2NiXO5y+CYvN9U9iqv7xvzbhTSTE7sAKM4AK1zRnq+WQEFkgSEDqXkA==",
      "requires": {
        "node-fetch": "^2.6.0"
      }
    },
    "ytdl-core": {
      "version": "3.1.3",
      "resolved": "https://registry.npmjs.org/ytdl-core/-/ytdl-core-3.1.3.tgz",
      "integrity": "sha512-Z8Hehrj6nY6/SzyPJDVjfG5iGI33dMVclJveixz4WVPzbxwYsVF7hogKm7cnrarW+gRVs3DtP+RRRDV0wnBf5Q==",
      "requires": {
        "html-entities": "^1.3.1",
        "m3u8stream": "^0.7.1",
        "miniget": "^2.0.1",
        "sax": "^1.1.3"
      }
    },
    "ytpl": {
      "version": "0.1.22",
      "resolved": "https://registry.npmjs.org/ytpl/-/ytpl-0.1.22.tgz",
      "integrity": "sha512-3o/zmo7VA6EH6SA6z4Ni2t5bmRzPNSJgsDP60f+FFjPr7nOOOEjkU0Z8ky5TfDUocFs4iQNB19BDd0owrzRZ2g==",
      "requires": {
        "html-entities": "^1.1.3"
      }
    },
    "ytsr": {
      "version": "0.1.19",
      "resolved": "https://registry.npmjs.org/ytsr/-/ytsr-0.1.19.tgz",
      "integrity": "sha512-RMezzIRoJQnIu2mtLa+FwXzWdqhyX4GfvEOUZC21UfdJGJh2neaPYSUq8ckdWEWKJwPXnQ87CXYSdE48i+pNhw==",
      "requires": {
        "html-entities": "^1.1.3"
      }
    }
  }
}
